
Microsoft Visual Studio Solution File, Format Version 12.00
# Visual Studio Version 17
VisualStudioVersion = 17.4.33213.308
MinimumVisualStudioVersion = 10.0.40219.1
Project("{2150E333-8FDC-42A3-9474-1A3956D46DE8}") = "0 - Presentation", "0 - Presentation", "{DA82D8CF-9820-4AE1-A336-458F92898C0E}"
EndProject
Project("{2150E333-8FDC-42A3-9474-1A3956D46DE8}") = "2 - Domain", "2 - Domain", "{2AA7AE94-B2DF-4C4D-91BE-CD09E07F241F}"
EndProject
Project("{2150E333-8FDC-42A3-9474-1A3956D46DE8}") = "3 - Infra", "3 - Infra", "{03426190-A6DF-43C0-A46A-2EBD090F8475}"
EndProject
Project("{2150E333-8FDC-42A3-9474-1A3956D46DE8}") = "Persistence", "Persistence", "{D0209AEC-74EE-4979-8BF1-9768797D020D}"
EndProject
Project("{2150E333-8FDC-42A3-9474-1A3956D46DE8}") = "IoC", "IoC", "{327ED846-7BB4-415E-83FF-99AF7BAE0F8D}"
EndProject
Project("{2150E333-8FDC-42A3-9474-1A3956D46DE8}") = "1 - Application", "1 - Application", "{E7133565-20EC-4F0B-99F0-3726B6F3E47A}"
EndProject
Project("{9A19103F-16F7-4668-BE54-9A1E7A4F7556}") = "ProductManagement.Api", "ProductManagement.Api\ProductManagement.Api.csproj", "{8588FA86-0757-4EA4-A839-E46D95C8ABA0}"
EndProject
Project("{9A19103F-16F7-4668-BE54-9A1E7A4F7556}") = "ProductManagement.Infra.IoC", "ProductManagement.Infra.IoC\ProductManagement.Infra.IoC.csproj", "{DED72116-8EF1-4253-B6FB-FCF482D01EC0}"
EndProject
Project("{9A19103F-16F7-4668-BE54-9A1E7A4F7556}") = "ProductManagement.Infra.Persistence", "ProductManagement.Infra.Persistence\ProductManagement.Infra.Persistence.csproj", "{20B2EB57-63D4-4706-B2E3-9F84924F4922}"
EndProject
Project("{9A19103F-16F7-4668-BE54-9A1E7A4F7556}") = "ProductManagement.Domain", "ProductManagement.Domain\ProductManagement.Domain.csproj", "{4AB14B10-2673-438A-8200-9304057243AF}"
EndProject
Project("{9A19103F-16F7-4668-BE54-9A1E7A4F7556}") = "ProductManagement.Application", "ProductManagement.Application\ProductManagement.Application.csproj", "{D01BE13B-7486-4F61-AB55-4C7A47BB3696}"
EndProject
Project("{2150E333-8FDC-42A3-9474-1A3956D46DE8}") = "99 - Tests", "99 - Tests", "{10CA4AB9-B5D0-4BC0-8065-9AE5013A0DA8}"
EndProject
Project("{FAE04EC0-301F-11D3-BF4B-00C04F79EFBC}") = "ProductManagement.Domain.Test", "ProductManagement.Domain.Test\ProductManagement.Domain.Test.csproj", "{329B8B13-059F-4C3F-91FD-8877F5745771}"
EndProject
Project("{FAE04EC0-301F-11D3-BF4B-00C04F79EFBC}") = "ProductManagement.Application.Test", "ProductManagement.Application.Test\ProductManagement.Application.Test.csproj", "{E502538E-CDEC-4879-81C5-82F7DD917FA5}"
EndProject
Global
	GlobalSection(SolutionConfigurationPlatforms) = preSolution
		Debug|Any CPU = Debug|Any CPU
		Release|Any CPU = Release|Any CPU
	EndGlobalSection
	GlobalSection(ProjectConfigurationPlatforms) = postSolution
		{8588FA86-0757-4EA4-A839-E46D95C8ABA0}.Debug|Any CPU.ActiveCfg = Debug|Any CPU
		{8588FA86-0757-4EA4-A839-E46D95C8ABA0}.Debug|Any CPU.Build.0 = Debug|Any CPU
		{8588FA86-0757-4EA4-A839-E46D95C8ABA0}.Release|Any CPU.ActiveCfg = Release|Any CPU
		{8588FA86-0757-4EA4-A839-E46D95C8ABA0}.Release|Any CPU.Build.0 = Release|Any CPU
		{DED72116-8EF1-4253-B6FB-FCF482D01EC0}.Debug|Any CPU.ActiveCfg = Debug|Any CPU
		{DED72116-8EF1-4253-B6FB-FCF482D01EC0}.Debug|Any CPU.Build.0 = Debug|Any CPU
		{DED72116-8EF1-4253-B6FB-FCF482D01EC0}.Release|Any CPU.ActiveCfg = Release|Any CPU
		{DED72116-8EF1-4253-B6FB-FCF482D01EC0}.Release|Any CPU.Build.0 = Release|Any CPU
		{20B2EB57-63D4-4706-B2E3-9F84924F4922}.Debug|Any CPU.ActiveCfg = Debug|Any CPU
		{20B2EB57-63D4-4706-B2E3-9F84924F4922}.Debug|Any CPU.Build.0 = Debug|Any CPU
		{20B2EB57-63D4-4706-B2E3-9F84924F4922}.Release|Any CPU.ActiveCfg = Release|Any CPU
		{20B2EB57-63D4-4706-B2E3-9F84924F4922}.Release|Any CPU.Build.0 = Release|Any CPU
		{4AB14B10-2673-438A-8200-9304057243AF}.Debug|Any CPU.ActiveCfg = Debug|Any CPU
		{4AB14B10-2673-438A-8200-9304057243AF}.Debug|Any CPU.Build.0 = Debug|Any CPU
		{4AB14B10-2673-438A-8200-9304057243AF}.Release|Any CPU.ActiveCfg = Release|Any CPU
		{4AB14B10-2673-438A-8200-9304057243AF}.Release|Any CPU.Build.0 = Release|Any CPU
		{D01BE13B-7486-4F61-AB55-4C7A47BB3696}.Debug|Any CPU.ActiveCfg = Debug|Any CPU
		{D01BE13B-7486-4F61-AB55-4C7A47BB3696}.Debug|Any CPU.Build.0 = Debug|Any CPU
		{D01BE13B-7486-4F61-AB55-4C7A47BB3696}.Release|Any CPU.ActiveCfg = Release|Any CPU
		{D01BE13B-7486-4F61-AB55-4C7A47BB3696}.Release|Any CPU.Build.0 = Release|Any CPU
		{329B8B13-059F-4C3F-91FD-8877F5745771}.Debug|Any CPU.ActiveCfg = Debug|Any CPU
		{329B8B13-059F-4C3F-91FD-8877F5745771}.Debug|Any CPU.Build.0 = Debug|Any CPU
		{329B8B13-059F-4C3F-91FD-8877F5745771}.Release|Any CPU.ActiveCfg = Release|Any CPU
		{329B8B13-059F-4C3F-91FD-8877F5745771}.Release|Any CPU.Build.0 = Release|Any CPU
		{E502538E-CDEC-4879-81C5-82F7DD917FA5}.Debug|Any CPU.ActiveCfg = Debug|Any CPU
		{E502538E-CDEC-4879-81C5-82F7DD917FA5}.Debug|Any CPU.Build.0 = Debug|Any CPU
		{E502538E-CDEC-4879-81C5-82F7DD917FA5}.Release|Any CPU.ActiveCfg = Release|Any CPU
		{E502538E-CDEC-4879-81C5-82F7DD917FA5}.Release|Any CPU.Build.0 = Release|Any CPU
	EndGlobalSection
	GlobalSection(SolutionProperties) = preSolution
		HideSolutionNode = FALSE
	EndGlobalSection
	GlobalSection(NestedProjects) = preSolution
		{D0209AEC-74EE-4979-8BF1-9768797D020D} = {03426190-A6DF-43C0-A46A-2EBD090F8475}
		{327ED846-7BB4-415E-83FF-99AF7BAE0F8D} = {03426190-A6DF-43C0-A46A-2EBD090F8475}
		{8588FA86-0757-4EA4-A839-E46D95C8ABA0} = {DA82D8CF-9820-4AE1-A336-458F92898C0E}
		{DED72116-8EF1-4253-B6FB-FCF482D01EC0} = {327ED846-7BB4-415E-83FF-99AF7BAE0F8D}
		{20B2EB57-63D4-4706-B2E3-9F84924F4922} = {D0209AEC-74EE-4979-8BF1-9768797D020D}
		{4AB14B10-2673-438A-8200-9304057243AF} = {2AA7AE94-B2DF-4C4D-91BE-CD09E07F241F}
		{D01BE13B-7486-4F61-AB55-4C7A47BB3696} = {E7133565-20EC-4F0B-99F0-3726B6F3E47A}
		{329B8B13-059F-4C3F-91FD-8877F5745771} = {10CA4AB9-B5D0-4BC0-8065-9AE5013A0DA8}
		{E502538E-CDEC-4879-81C5-82F7DD917FA5} = {10CA4AB9-B5D0-4BC0-8065-9AE5013A0DA8}
	EndGlobalSection
	GlobalSection(ExtensibilityGlobals) = postSolution
		SolutionGuid = {FA8E1F0E-E72B-42CB-B791-44145536967E}
	EndGlobalSection
EndGlobal
